Microsoft Visual Studio Solution File, Format Version 12.00
# Visual Studio Version 17
VisualStudioVersion = 17.5.2.0
MinimumVisualStudioVersion = 10.0.40219.1
Project("{FAE04EC0-301F-11D3-BF4B-00C04F79EFBC}") = "text-to-speech-converter", "text-to-speech-converter.csproj", "{69943C4F-4B21-2CAE-DDAB-63B64B3A060D}"
EndProject
Global
	GlobalSection(SolutionConfigurationPlatforms) = preSolution
		Debug|Any CPU = Debug|Any CPU
		Release|Any CPU = Release|Any CPU
	EndGlobalSection
	GlobalSection(ProjectConfigurationPlatforms) = postSolution
		{69943C4F-4B21-2CAE-DDAB-63B64B3A060D}.Debug|Any CPU.ActiveCfg = Debug|Any CPU
		{69943C4F-4B21-2CAE-DDAB-63B64B3A060D}.Debug|Any CPU.Build.0 = Debug|Any CPU
		{69943C4F-4B21-2CAE-DDAB-63B64B3A060D}.Release|Any CPU.ActiveCfg = Release|Any CPU
		{69943C4F-4B21-2CAE-DDAB-63B64B3A060D}.Release|Any CPU.Build.0 = Release|Any CPU
	EndGlobalSection
	GlobalSection(SolutionProperties) = preSolution
		HideSolutionNode = FALSE
	EndGlobalSection
	GlobalSection(ExtensibilityGlobals) = postSolution
		SolutionGuid = {134E436D-14CA-4D06-9537-3CEDA1E98DFC}
	EndGlobalSection
EndGlobal
